Microsoft Visual Studio Solution File, Format Version 12.00
# Visual Studio 15
VisualStudioVersion = 15.0.28307.705
MinimumVisualStudioVersion = 10.0.40219.1
Project("{FAE04EC0-301F-11D3-BF4B-00C04F79EFBC}") = "FixLanguageSwitch", "FixLanguageSwitch.csproj", "{18215C6D-2A47-4EF5-BBD4-8D237DA30049}"
EndProject
Global
	GlobalSection(SolutionConfigurationPlatforms) = preSolution
		Debug|Any CPU = Debug|Any CPU
		Release|Any CPU = Release|Any CPU
	EndGlobalSection
	GlobalSection(ProjectConfigurationPlatforms) = postSolution
		{18215C6D-2A47-4EF5-BBD4-8D237DA30049}.Debug|Any CPU.ActiveCfg = Debug|Any CPU
		{18215C6D-2A47-4EF5-BBD4-8D237DA30049}.Debug|Any CPU.Build.0 = Debug|Any CPU
		{18215C6D-2A47-4EF5-BBD4-8D237DA30049}.Release|Any CPU.ActiveCfg = Release|Any CPU
		{18215C6D-2A47-4EF5-BBD4-8D237DA30049}.Release|Any CPU.Build.0 = Release|Any CPU
	EndGlobalSection
	GlobalSection(SolutionProperties) = preSolution
		HideSolutionNode = FALSE
	EndGlobalSection
	GlobalSection(ExtensibilityGlobals) = postSolution
		SolutionGuid = {E2DC931C-F34C-405E-A495-76CFB0B47897}
	EndGlobalSection
EndGlobal
